
Microsoft Visual Studio Solution File, Format Version 12.00
# Visual Studio Version 17
VisualStudioVersion = 17.7.34031.279
MinimumVisualStudioVersion = 10.0.40219.1
Project("{FAE04EC0-301F-11D3-BF4B-00C04F79EFBC}") = "RecipesBackend", "RecipesBackend\RecipesBackend.csproj", "{79D5947F-3463-4E61-8EF3-6CDA7D3907C5}"
EndProject
Global
	GlobalSection(SolutionConfigurationPlatforms) = preSolution
		Debug|Any CPU = Debug|Any CPU
		Release|Any CPU = Release|Any CPU
	EndGlobalSection
	GlobalSection(ProjectConfigurationPlatforms) = postSolution
		{79D5947F-3463-4E61-8EF3-6CDA7D3907C5}.Debug|Any CPU.ActiveCfg = Debug|Any CPU
		{79D5947F-3463-4E61-8EF3-6CDA7D3907C5}.Debug|Any CPU.Build.0 = Debug|Any CPU
		{79D5947F-3463-4E61-8EF3-6CDA7D3907C5}.Release|Any CPU.ActiveCfg = Release|Any CPU
		{79D5947F-3463-4E61-8EF3-6CDA7D3907C5}.Release|Any CPU.Build.0 = Release|Any CPU
	EndGlobalSection
	GlobalSection(SolutionProperties) = preSolution
		HideSolutionNode = FALSE
	EndGlobalSection
	GlobalSection(ExtensibilityGlobals) = postSolution
		SolutionGuid = {C57DA958-46F3-4551-91A9-0FF22D1F71C3}
	EndGlobalSection
EndGlobal
